
Microsoft Visual Studio Solution File, Format Version 12.00
# Visual Studio Version 17
VisualStudioVersion = 17.13.35913.81 d17.13
MinimumVisualStudioVersion = 10.0.40219.1
Project("{FAE04EC0-301F-11D3-BF4B-00C04F79EFBC}") = "exercicioContaBancaria", "exercicioContaBancaria\exercicioContaBancaria.csproj", "{8F47CC56-A42C-4B71-A16A-27BFB8190A5D}"
EndProject
Global
	GlobalSection(SolutionConfigurationPlatforms) = preSolution
		Debug|Any CPU = Debug|Any CPU
		Release|Any CPU = Release|Any CPU
	EndGlobalSection
	GlobalSection(ProjectConfigurationPlatforms) = postSolution
		{8F47CC56-A42C-4B71-A16A-27BFB8190A5D}.Debug|Any CPU.ActiveCfg = Debug|Any CPU
		{8F47CC56-A42C-4B71-A16A-27BFB8190A5D}.Debug|Any CPU.Build.0 = Debug|Any CPU
		{8F47CC56-A42C-4B71-A16A-27BFB8190A5D}.Release|Any CPU.ActiveCfg = Release|Any CPU
		{8F47CC56-A42C-4B71-A16A-27BFB8190A5D}.Release|Any CPU.Build.0 = Release|Any CPU
	EndGlobalSection
	GlobalSection(SolutionProperties) = preSolution
		HideSolutionNode = FALSE
	EndGlobalSection
	GlobalSection(ExtensibilityGlobals) = postSolution
		SolutionGuid = {9085EC5F-B83D-475D-89BB-5AC2FE378DD5}
	EndGlobalSection
EndGlobal
